{
  "version": 2,
  "dependencies": {
    "net10.0": {
      "log4net": {
        "type": "Direct",
        "requested": "[3.5.0, )",
        "resolved": "3.5.0",
        "contentHash": "JJJ1L3/WJZA8OAyaz0ghG8+DNo2t9qn0nbV3HzIBVMheO62R1Zdz+mvyizpYsYDu/+k35tg324r2P/LCvAtfKw==",
        "dependencies": {
          "System.Configuration.ConfigurationManager": "4.5.0"
        }
      },
      "System.Diagnostics.EventLog": {
        "type": "Transitive",
        "resolved": "10.0.12",
        "contentHash": "sOZM+VyRj1pg/ItlHsvrSbjws6oGqZveTzTNBGZ9ziwRDyKsOF3ub6vhvOdxotCIqtlnyHAIwP5sLNvgiZC+pQ=="
      },
      "System.Configuration.ConfigurationManager": {
        "type": "CentralTransitive",
        "requested": "[10.0.12, )",
        "resolved": "10.0.12",
        "contentHash": "6KP/CGB9YymJuhNorm5FS/urQJB40h6t4DIiXN8J1VT/jINZHNgjzcdWRHGYuXGLwO7SCOq5K/OMAnh6oRbeLg==",
        "dependencies": {
          "System.Diagnostics.EventLog": "10.0.12",
          "System.Security.Cryptography.ProtectedData": "10.0.12"
        }
      },
      "System.Security.Cryptography.ProtectedData": {
        "type": "CentralTransitive",
        "requested": "[10.0.12, )",
        "resolved": "10.0.12",
        "contentHash": "wO0W8VDMeRJZakRySOmemAnrBZMwEFRlbfBtATxUiLf2I3IhSRnCp1Vt157NWptdE4IJ7eftd5n8q9LtaKHFTQ=="
      }
    }
  }
}