{
  "version": 2,
  "dependencies": {
    "net10.0-windows7.0": {
      "System.Management": {
        "type": "Direct",
        "requested": "[10.0.12, )",
        "resolved": "10.0.12",
        "contentHash": "ApUsYmsNG8aPiMxsO6ROGZnqJwSZY8zeMlAQcuQg+ilPFUcIyBUC0BL8qA6wmPLNVsvL4nyhUrhhxh6qn0cx0Q=="
      },
      "DiscUtils.Core": {
        "type": "Transitive",
        "resolved": "0.16.13",
        "contentHash": "TU/Ns5RMa3060K7AsSDqG94/H7eaWaz1XoYuCUur40Mg+t0/ubtKqxCffkoiB1e/cFMGvHL0evFoY6uDL9Ocmw==",
        "dependencies": {
          "DiscUtils.Streams": "0.16.13"
        }
      },
      "DiscUtils.Streams": {
        "type": "Transitive",
        "resolved": "0.16.13",
        "contentHash": "BSrywAX2mmvt6j00u6VQYQLtxc6jDniK2aP4p0q20bbTGXImtW4N26eUZYKfkW9aj6XLaqISFgtWfssKURixeA=="
      },
      "commandlib": {
        "type": "Project"
      },
      "xencenterlib": {
        "type": "Project",
        "dependencies": {
          "SharpZipLib": "[1.4.2, )",
          "System.Management": "[10.0.12, )",
          "log4net": "[3.4.0, )"
        }
      },
      "xenmodel": {
        "type": "Project",
        "dependencies": {
          "CommandLib": "[2026.9.26, )",
          "DiscUtils.Iso9660": "[0.16.13, )",
          "DiscUtils.Vhd": "[0.16.13, )",
          "DiscUtils.Vhdx": "[0.16.13, )",
          "DiscUtils.Vmdk": "[0.16.13, )",
          "DiscUtils.Wim": "[0.16.13, )",
          "Newtonsoft.Json": "[13.0.4, )",
          "XenCenterLib": "[2026.9.26, )",
          "XenOvfApi": "[2026.9.26, )",
          "lzfse-net": "[1.0.15, )",
          "lzo.net": "[0.0.6, )"
        }
      },
      "xenovfapi": {
        "type": "Project",
        "dependencies": {
          "System.Management": "[10.0.12, )",
          "XenCenterLib": "[2026.9.26, )"
        }
      },
      "DiscUtils.Iso9660": {
        "type": "CentralTransitive",
        "requested": "[0.16.13, )",
        "resolved": "0.16.13",
        "contentHash": "hT0DbN+sIqg5Bu3/sCQUuKLwIrceF9BZvn7AeRe+f2iY0p4mgN9xEmXpFWQshnBBxN9r75364agBHDeb5owiUA==",
        "dependencies": {
          "DiscUtils.Core": "0.16.13"
        }
      },
      "DiscUtils.Vhd": {
        "type": "CentralTransitive",
        "requested": "[0.16.13, )",
        "resolved": "0.16.13",
        "contentHash": "n1UIJU/9rYbkDTDGn6jQ23iKk9gGURoCzAKcQjVa3WZxWDqfhohgNh6BUc1B3gQN1WdP+vc6iCWfLrRCEODTGQ==",
        "dependencies": {
          "DiscUtils.Core": "0.16.13"
        }
      },
      "DiscUtils.Vhdx": {
        "type": "CentralTransitive",
        "requested": "[0.16.13, )",
        "resolved": "0.16.13",
        "contentHash": "1i6FPceCsnHknc0nPT6uWWZQ2hfVOyhsft0gywWUMLBqZdHTct8+5fH0YfjPxGC89eaO2oeiUE0r4jsTjDZxGw==",
        "dependencies": {
          "DiscUtils.Core": "0.16.13"
        }
      },
      "DiscUtils.Vmdk": {
        "type": "CentralTransitive",
        "requested": "[0.16.13, )",
        "resolved": "0.16.13",
        "contentHash": "61iTWbOLf4ZPX18u8q/anMorTYyXUFHLGo+ceGG5SC1s7mWdxy/rWIJwHn3UCeMBfKY5tf5Tjv0wkCA/zwqJ+A==",
        "dependencies": {
          "DiscUtils.Core": "0.16.13"
        }
      },
      "DiscUtils.Wim": {
        "type": "CentralTransitive",
        "requested": "[0.16.13, )",
        "resolved": "0.16.13",
        "contentHash": "pdqlu6K1nDEWNzTZxwO28PdQymD7rEibg9WmIADJdoWg2PnlUoHMr724l/QuRFDXUafgYrsjGk1Ua5gDOm9Dzw==",
        "dependencies": {
          "DiscUtils.Core": "0.16.13"
        }
      },
      "log4net": {
        "type": "CentralTransitive",
        "requested": "[3.4.0, )",
        "resolved": "3.4.0",
        "contentHash": "IubYl1l3vs4pZ8hRJBWjfPOW8osR1gS/FAweVYpc2n7SZ0yrZ64uMGQYjjt1nna/Hpm10IHiw4D6HSh/JFbj9w=="
      },
      "lzfse-net": {
        "type": "CentralTransitive",
        "requested": "[1.0.15, )",
        "resolved": "1.0.15",
        "contentHash": "O5AhPNxnNhI9Ena8b+VJ1hhgNac8rRmd1rnYopSEWHetU/1Z5xOFPuWT4nxpy2u5Qk7evS5kFj1dRDhcArBtpg=="
      },
      "lzo.net": {
        "type": "CentralTransitive",
        "requested": "[0.0.6, )",
        "resolved": "0.0.6",
        "contentHash": "d+F4Kf+Mnh3G83NOxXyxlZljkFvD5ZM7WUPu5Y7DTZousSgz1EAhpanSbj0+25KVrInroNoV/W9QqwtRH3avig=="
      },
      "Newtonsoft.Json": {
        "type": "CentralTransitive",
        "requested": "[13.0.4, )",
        "resolved": "13.0.4",
        "contentHash": "pdgNNMai3zv51W5aq268sujXUyx7SNdE2bj1wZcWjAQrKMFZV260lbqYop1d2GM67JI1huLRwxo9ZqnfF/lC6A=="
      },
      "SharpZipLib": {
        "type": "CentralTransitive",
        "requested": "[1.4.2, )",
        "resolved": "1.4.2",
        "contentHash": "yjj+3zgz8zgXpiiC3ZdF/iyTBbz2fFvMxZFEBPUcwZjIvXOf37Ylm+K58hqMfIBt5JgU/Z2uoUS67JmTLe973A=="
      }
    }
  }
}