{
  "version": 2,
  "dependencies": {
    "net8.0": {
      "Avalonia": {
        "type": "Direct",
        "requested": "[11.2.5, )",
        "resolved": "11.2.5",
        "contentHash": "drAn4ymqy6c1AWIzpQIFLIQjPx9p7Ffsu+7bYy4vV8MtvmgiQ2s6R5HvmNuWheUtpHyhnowVQoOdJQl5uS6a+A==",
        "dependencies": {
          "Avalonia.BuildServices": "0.0.31",
          "Avalonia.Remote.Protocol": "11.2.5",
          "MicroCom.Runtime": "0.11.0"
        }
      },
      "Avalonia.Desktop": {
        "type": "Direct",
        "requested": "[11.2.5, )",
        "resolved": "11.2.5",
        "contentHash": "ITvTEiELiHftwDe1+HkpZWc6PedQfdhNYIQxIl3npyD0QTYJjn+tdlloZxmO3z0b6Rbr7XK6aTOOH6L/itBIRg==",
        "dependencies": {
          "Avalonia": "11.2.5",
          "Avalonia.Native": "11.2.5",
          "Avalonia.Skia": "11.2.5",
          "Avalonia.Win32": "11.2.5",
          "Avalonia.X11": "11.2.5"
        }
      },
      "Avalonia.Themes.Fluent": {
        "type": "Direct",
        "requested": "[11.2.5, )",
        "resolved": "11.2.5",
        "contentHash": "+YiihoT08QapE6U6dLyuYC/YMloFllMMwbbnixMLYuvmJeirUzqukuWzQ1cGjyn8CKpqZVIeaCzenJcEu/YGIA==",
        "dependencies": {
          "Avalonia": "11.2.5"
        }
      },
      "CommunityToolkit.Mvvm": {
        "type": "Direct",
        "requested": "[8.4.0, )",
        "resolved": "8.4.0",
        "contentHash": "tqVU8yc/ADO9oiTRyTnwhFN68hCwvkliMierptWOudIAvWY1mWCh5VFh+guwHJmpMwfg0J0rY+yyd5Oy7ty9Uw=="
      },
      "Tmds.DBus.Protocol": {
        "type": "Direct",
        "requested": "[0.21.3, )",
        "resolved": "0.21.3",
        "contentHash": "hDwB8WsQoyALQKqIbwzS68UKdlnafDm4T/DkO/JrA/YIneP/rKv96SxYPVXeh3FP4i/SXfShrYftKLtciJAIlw==",
        "dependencies": {
          "System.IO.Pipelines": "8.0.0"
        }
      },
      "Avalonia.Angle.Windows.Natives": {
        "type": "Transitive",
        "resolved": "2.1.22045.20230930",
        "contentHash": "Bo3qOhKC1b84BIhiogndMdAzB3UrrESKK7hS769f5HWeoMw/pcd42US5KFYW2JJ4ZSTrXnP8mXwLTMzh+S+9Lg=="
      },
      "Avalonia.BuildServices": {
        "type": "Transitive",
        "resolved": "0.0.31",
        "contentHash": "KmCN6Hc+45q4OnF10ge450yVUvWuxU6bdQiyKqiSvrHKpahNrEdk0kG6Ip6GHk2SKOCttGQuA206JVdkldEENg=="
      },
      "Avalonia.FreeDesktop": {
        "type": "Transitive",
        "resolved": "11.2.5",
        "contentHash": "JFvgnPhwqtd+xOpnlmBcZIdHVRA6ctfMHLo/W/pXcbVIel+3HOJSUk4NMREj48AD3ZyQiZJvKED1C4EDvkzXcw==",
        "dependencies": {
          "Avalonia": "11.2.5",
          "Tmds.DBus.Protocol": "0.20.0"
        }
      },
      "Avalonia.Native": {
        "type": "Transitive",
        "resolved": "11.2.5",
        "contentHash": "zubOZRBqOETn9uque9pEmUERIasSRL/Va4HQ+dtd+uA+2ThVL9Jo+yp3+NeV2qwrLUcAA/uNd9C+WmG4qB6MvA==",
        "dependencies": {
          "Avalonia": "11.2.5"
        }
      },
      "Avalonia.Remote.Protocol": {
        "type": "Transitive",
        "resolved": "11.2.5",
        "contentHash": "wS/qPTRVmgB49PxVMEFRczWS2UQ91Sl7xBI4qQtVyyi+REeH5L0sXYTjyKkHALI/vZd4DeH4SrleDEX0zNOVmA=="
      },
      "Avalonia.Skia": {
        "type": "Transitive",
        "resolved": "11.2.5",
        "contentHash": "rUjWmLtx2E95DyzUzHGx7PBQwr+sa0Tt64Jd72s3eEALLQU13RUnwqHkUZv0g8uzNRTsWcKHden4eIyCc+dcNQ==",
        "dependencies": {
          "Avalonia": "11.2.5",
          "HarfBuzzSharp": "7.3.0.3",
          "HarfBuzzSharp.NativeAssets.Linux": "7.3.0.3",
          "HarfBuzzSharp.NativeAssets.WebAssembly": "7.3.0.3",
          "SkiaSharp": "2.88.9",
          "SkiaSharp.NativeAssets.Linux": "2.88.9",
          "SkiaSharp.NativeAssets.WebAssembly": "2.88.9"
        }
      },
      "Avalonia.Win32": {
        "type": "Transitive",
        "resolved": "11.2.5",
        "contentHash": "hu9ECEq2ycaoBBcAQ1ZH/hnocyn79rYem4Jueyggp5urRa1xlNeQFradWEcWD9xQWAgE6pCEKa5fu8QXvLnGDw==",
        "dependencies": {
          "Avalonia": "11.2.5",
          "Avalonia.Angle.Windows.Natives": "2.1.22045.20230930"
        }
      },
      "Avalonia.X11": {
        "type": "Transitive",
        "resolved": "11.2.5",
        "contentHash": "rkf1xqsH6t4zc5j2KeJ2oTbyUyMsiEemgnwOgnHW/bgpeW4DDhZgiZ8xdFIxnvayAoYD+5WhPAEs8ztQNTr8qg==",
        "dependencies": {
          "Avalonia": "11.2.5",
          "Avalonia.FreeDesktop": "11.2.5",
          "Avalonia.Skia": "11.2.5"
        }
      },
      "DiscUtils.Core": {
        "type": "Transitive",
        "resolved": "0.16.13",
        "contentHash": "TU/Ns5RMa3060K7AsSDqG94/H7eaWaz1XoYuCUur40Mg+t0/ubtKqxCffkoiB1e/cFMGvHL0evFoY6uDL9Ocmw==",
        "dependencies": {
          "DiscUtils.Streams": "0.16.13",
          "System.Security.AccessControl": "5.0.0"
        }
      },
      "DiscUtils.Streams": {
        "type": "Transitive",
        "resolved": "0.16.13",
        "contentHash": "BSrywAX2mmvt6j00u6VQYQLtxc6jDniK2aP4p0q20bbTGXImtW4N26eUZYKfkW9aj6XLaqISFgtWfssKURixeA=="
      },
      "HarfBuzzSharp": {
        "type": "Transitive",
        "resolved": "7.3.0.3",
        "contentHash": "Hq+5+gx10coOvuRgB13KBwiWxJq1QeYuhtVLbA01ZCWaugOnolUahF44KvrQTUUHDNk/C7HB6SMaebsZeOdhgg==",
        "dependencies": {
          "HarfBuzzSharp.NativeAssets.Win32": "7.3.0.3",
          "HarfBuzzSharp.NativeAssets.macOS": "7.3.0.3"
        }
      },
      "HarfBuzzSharp.NativeAssets.Linux": {
        "type": "Transitive",
        "resolved": "7.3.0.3",
        "contentHash": "hkcHeTfOyIeJuPtO/QfoqkDvV/MXebZYaA/Bn/S+nXsjH3Wt9oQ6okH2kklYO+1UUdBSJFd67bi9IrpQXI2mPw==",
        "dependencies": {
          "HarfBuzzSharp": "7.3.0.3"
        }
      },
      "HarfBuzzSharp.NativeAssets.macOS": {
        "type": "Transitive",
        "resolved": "7.3.0.3",
        "contentHash": "UAwIYnkbBTzBJv1Id8FijY/i8QiIepRemSXufU8fyzwWhYJdx4+ajG8yQUie5HW/uusbVLFSr26muSlJOFDgSw=="
      },
      "HarfBuzzSharp.NativeAssets.WebAssembly": {
        "type": "Transitive",
        "resolved": "7.3.0.3",
        "contentHash": "OpheDNp9a3nC6hWNACemWkNEXJ4tWP3Gw9bykw3FbyeEmU2nUDtLIp6VgNnjHAPRMgUs1Kl7m4gJpzVYwC7CZw=="
      },
      "HarfBuzzSharp.NativeAssets.Win32": {
        "type": "Transitive",
        "resolved": "7.3.0.3",
        "contentHash": "RPxRXD16KtSs8Yxr2RK9Qs7AwyN9MlpqZIYs0AvfaJwl7RAtVhC0+u2f2SKwX0uMYYd3O98Z+OBA1sj6aWVKQA=="
      },
      "MicroCom.Runtime": {
        "type": "Transitive",
        "resolved": "0.11.0",
        "contentHash": "MEnrZ3UIiH40hjzMDsxrTyi8dtqB5ziv3iBeeU4bXsL/7NLSal9F1lZKpK+tfBRnUoDSdtcW3KufE4yhATOMCA=="
      },
      "Microsoft.NETCore.Platforms": {
        "type": "Transitive",
        "resolved": "5.0.0",
        "contentHash": "VyPlqzH2wavqquTcYpkIIAQ6WdenuKoFN0BdYBbCWsclXacSOHNQn66Gt4z5NBqEYW0FAPm5rlvki9ZiCij5xQ=="
      },
      "Microsoft.Win32.SystemEvents": {
        "type": "Transitive",
        "resolved": "8.0.0",
        "contentHash": "9opKRyOKMCi2xJ7Bj7kxtZ1r9vbzosMvRrdEhVhDz8j8MoBGgB+WmC94yH839NPH+BclAjtQ/pyagvi/8gDLkw=="
      },
      "SkiaSharp": {
        "type": "Transitive",
        "resolved": "2.88.9",
        "contentHash": "3MD5VHjXXieSHCleRLuaTXmL2pD0mB7CcOB1x2kA1I4bhptf4e3R27iM93264ZYuAq6mkUyX5XbcxnZvMJYc1Q==",
        "dependencies": {
          "SkiaSharp.NativeAssets.Win32": "2.88.9",
          "SkiaSharp.NativeAssets.macOS": "2.88.9"
        }
      },
      "SkiaSharp.NativeAssets.Linux": {
        "type": "Transitive",
        "resolved": "2.88.9",
        "contentHash": "cWSaJKVPWAaT/WIn9c8T5uT/l4ETwHxNJTkEOtNKjphNo8AW6TF9O32aRkxqw3l8GUdUo66Bu7EiqtFh/XG0Zg==",
        "dependencies": {
          "SkiaSharp": "2.88.9"
        }
      },
      "SkiaSharp.NativeAssets.macOS": {
        "type": "Transitive",
        "resolved": "2.88.9",
        "contentHash": "Nv5spmKc4505Ep7oUoJ5vp3KweFpeNqxpyGDWyeEPTX2uR6S6syXIm3gj75dM0YJz7NPvcix48mR5laqs8dPuA=="
      },
      "SkiaSharp.NativeAssets.WebAssembly": {
        "type": "Transitive",
        "resolved": "2.88.9",
        "contentHash": "kt06RccBHSnAs2wDYdBSfsjIDbY3EpsOVqnlDgKdgvyuRA8ZFDaHRdWNx1VHjGgYzmnFCGiTJBnXFl5BqGwGnA=="
      },
      "SkiaSharp.NativeAssets.Win32": {
        "type": "Transitive",
        "resolved": "2.88.9",
        "contentHash": "wb2kYgU7iy84nQLYZwMeJXixvK++GoIuECjU4ECaUKNuflyRlJKyiRhN1MAHswvlvzuvkrjRWlK0Za6+kYQK7w=="
      },
      "System.CodeDom": {
        "type": "Transitive",
        "resolved": "8.0.0",
        "contentHash": "WTlRjL6KWIMr/pAaq3rYqh0TJlzpouaQ/W1eelssHgtlwHAH25jXTkUphTYx9HaIIf7XA6qs/0+YhtLEQRkJ+Q=="
      },
      "System.Diagnostics.EventLog": {
        "type": "Transitive",
        "resolved": "8.0.0",
        "contentHash": "fdYxcRjQqTTacKId/2IECojlDSFvp7LP5N78+0z/xH7v/Tuw5ZAxu23Y6PTCRinqyu2ePx+Gn1098NC6jM6d+A=="
      },
      "System.IO.Pipelines": {
        "type": "Transitive",
        "resolved": "8.0.0",
        "contentHash": "FHNOatmUq0sqJOkTx+UF/9YK1f180cnW5FVqnQMvYUN0elp6wFzbtPSiqbo1/ru8ICp43JM1i7kKkk6GsNGHlA=="
      },
      "System.Security.AccessControl": {
        "type": "Transitive",
        "resolved": "5.0.0",
        "contentHash": "dagJ1mHZO3Ani8GH0PHpPEe/oYO+rVdbQjvjJkBRNQkX4t0r1iaeGn8+/ybkSLEan3/slM0t59SVdHzuHf2jmw==",
        "dependencies": {
          "Microsoft.NETCore.Platforms": "5.0.0",
          "System.Security.Principal.Windows": "5.0.0"
        }
      },
      "System.Security.Principal.Windows": {
        "type": "Transitive",
        "resolved": "5.0.0",
        "contentHash": "t0MGLukB5WAVU9bO3MGzvlGnyJPgUlcwerXn1kzBRjwLKixT96XV0Uza41W49gVd8zEMFu9vQEFlv0IOrytICA=="
      },
      "commandlib": {
        "type": "Project"
      },
      "xcpngcenter.rfb": {
        "type": "Project",
        "dependencies": {
          "log4net": "[3.3.2, )"
        }
      },
      "xencenterlib": {
        "type": "Project",
        "dependencies": {
          "SharpZipLib": "[1.4.2, )",
          "System.Management": "[8.0.0, )",
          "System.Security.Cryptography.ProtectedData": "[8.0.0, )",
          "log4net": "[3.3.2, )"
        }
      },
      "xenmodel": {
        "type": "Project",
        "dependencies": {
          "CommandLib": "[2026.8.3, )",
          "DiscUtils.Iso9660": "[0.16.13, )",
          "DiscUtils.Vhd": "[0.16.13, )",
          "DiscUtils.Vhdx": "[0.16.13, )",
          "DiscUtils.Vmdk": "[0.16.13, )",
          "DiscUtils.Wim": "[0.16.13, )",
          "Newtonsoft.Json": "[13.0.4, )",
          "System.Drawing.Common": "[8.0.0, )",
          "XenCenterLib": "[2026.8.3, )",
          "XenOvfApi": "[2026.8.3, )",
          "lzfse-net": "[1.0.15, )",
          "lzo.net": "[0.0.6, )"
        }
      },
      "xenovfapi": {
        "type": "Project",
        "dependencies": {
          "System.Management": "[8.0.0, )",
          "XenCenterLib": "[2026.8.3, )"
        }
      },
      "DiscUtils.Iso9660": {
        "type": "CentralTransitive",
        "requested": "[0.16.13, )",
        "resolved": "0.16.13",
        "contentHash": "hT0DbN+sIqg5Bu3/sCQUuKLwIrceF9BZvn7AeRe+f2iY0p4mgN9xEmXpFWQshnBBxN9r75364agBHDeb5owiUA==",
        "dependencies": {
          "DiscUtils.Core": "0.16.13"
        }
      },
      "DiscUtils.Vhd": {
        "type": "CentralTransitive",
        "requested": "[0.16.13, )",
        "resolved": "0.16.13",
        "contentHash": "n1UIJU/9rYbkDTDGn6jQ23iKk9gGURoCzAKcQjVa3WZxWDqfhohgNh6BUc1B3gQN1WdP+vc6iCWfLrRCEODTGQ==",
        "dependencies": {
          "DiscUtils.Core": "0.16.13"
        }
      },
      "DiscUtils.Vhdx": {
        "type": "CentralTransitive",
        "requested": "[0.16.13, )",
        "resolved": "0.16.13",
        "contentHash": "1i6FPceCsnHknc0nPT6uWWZQ2hfVOyhsft0gywWUMLBqZdHTct8+5fH0YfjPxGC89eaO2oeiUE0r4jsTjDZxGw==",
        "dependencies": {
          "DiscUtils.Core": "0.16.13"
        }
      },
      "DiscUtils.Vmdk": {
        "type": "CentralTransitive",
        "requested": "[0.16.13, )",
        "resolved": "0.16.13",
        "contentHash": "61iTWbOLf4ZPX18u8q/anMorTYyXUFHLGo+ceGG5SC1s7mWdxy/rWIJwHn3UCeMBfKY5tf5Tjv0wkCA/zwqJ+A==",
        "dependencies": {
          "DiscUtils.Core": "0.16.13"
        }
      },
      "DiscUtils.Wim": {
        "type": "CentralTransitive",
        "requested": "[0.16.13, )",
        "resolved": "0.16.13",
        "contentHash": "pdqlu6K1nDEWNzTZxwO28PdQymD7rEibg9WmIADJdoWg2PnlUoHMr724l/QuRFDXUafgYrsjGk1Ua5gDOm9Dzw==",
        "dependencies": {
          "DiscUtils.Core": "0.16.13"
        }
      },
      "log4net": {
        "type": "CentralTransitive",
        "requested": "[3.3.2, )",
        "resolved": "3.3.2",
        "contentHash": "fwRZAWPkK1zAlxAvn8lhfuHzQV+++F6ReJbimt9QIPwI4s2FSRjCZLgq5e12PTD5ynkPf/zGki6QbJ9LWQTeNg==",
        "dependencies": {
          "System.Configuration.ConfigurationManager": "4.5.0"
        }
      },
      "lzfse-net": {
        "type": "CentralTransitive",
        "requested": "[1.0.15, )",
        "resolved": "1.0.15",
        "contentHash": "O5AhPNxnNhI9Ena8b+VJ1hhgNac8rRmd1rnYopSEWHetU/1Z5xOFPuWT4nxpy2u5Qk7evS5kFj1dRDhcArBtpg=="
      },
      "lzo.net": {
        "type": "CentralTransitive",
        "requested": "[0.0.6, )",
        "resolved": "0.0.6",
        "contentHash": "d+F4Kf+Mnh3G83NOxXyxlZljkFvD5ZM7WUPu5Y7DTZousSgz1EAhpanSbj0+25KVrInroNoV/W9QqwtRH3avig=="
      },
      "Newtonsoft.Json": {
        "type": "CentralTransitive",
        "requested": "[13.0.4, )",
        "resolved": "13.0.4",
        "contentHash": "pdgNNMai3zv51W5aq268sujXUyx7SNdE2bj1wZcWjAQrKMFZV260lbqYop1d2GM67JI1huLRwxo9ZqnfF/lC6A=="
      },
      "SharpZipLib": {
        "type": "CentralTransitive",
        "requested": "[1.4.2, )",
        "resolved": "1.4.2",
        "contentHash": "yjj+3zgz8zgXpiiC3ZdF/iyTBbz2fFvMxZFEBPUcwZjIvXOf37Ylm+K58hqMfIBt5JgU/Z2uoUS67JmTLe973A=="
      },
      "System.Configuration.ConfigurationManager": {
        "type": "CentralTransitive",
        "requested": "[8.0.0, )",
        "resolved": "8.0.0",
        "contentHash": "JlYi9XVvIREURRUlGMr1F6vOFLk7YSY4p1vHo4kX3tQ0AGrjqlRWHDi66ImHhy6qwXBG3BJ6Y1QlYQ+Qz6Xgww==",
        "dependencies": {
          "System.Diagnostics.EventLog": "8.0.0",
          "System.Security.Cryptography.ProtectedData": "8.0.0"
        }
      },
      "System.Drawing.Common": {
        "type": "CentralTransitive",
        "requested": "[8.0.0, )",
        "resolved": "8.0.0",
        "contentHash": "JkbHJjtI/dWc5dfmEdJlbe3VwgZqCkZRtfuWFh5GOv0f+gGCfBtzMpIVkmdkj2AObO9y+oiOi81UGwH3aBYuqA==",
        "dependencies": {
          "Microsoft.Win32.SystemEvents": "8.0.0"
        }
      },
      "System.Management": {
        "type": "CentralTransitive",
        "requested": "[8.0.0, )",
        "resolved": "8.0.0",
        "contentHash": "jrK22i5LRzxZCfGb+tGmke2VH7oE0DvcDlJ1HAKYU8cPmD8XnpUT0bYn2Gy98GEhGjtfbR/sxKTVb+dE770pfA==",
        "dependencies": {
          "System.CodeDom": "8.0.0"
        }
      },
      "System.Security.Cryptography.ProtectedData": {
        "type": "CentralTransitive",
        "requested": "[8.0.0, )",
        "resolved": "8.0.0",
        "contentHash": "+TUFINV2q2ifyXauQXRwy4CiBhqvDEDZeVJU7qfxya4aRYOKzVBpN+4acx25VcPB9ywUN6C0n8drWl110PhZEg=="
      }
    }
  }
}