{
  "version": 2,
  "dependencies": {
    "net10.0": {
      "Avalonia": {
        "type": "Direct",
        "requested": "[12.1.3, )",
        "resolved": "12.1.3",
        "contentHash": "l0VGyGn1OwqFrhmIhIHivvrQP0DtBD4Vn2F1vLYgGA2X2qHg0DMVRAln/6xOTLBUYoTopiVAujN0jtH8MpVSeA==",
        "dependencies": {
          "Avalonia.BuildServices": "11.3.2",
          "Avalonia.Remote.Protocol": "12.1.3",
          "MicroCom.Runtime": "0.11.6"
        }
      },
      "Avalonia.Controls.ColorPicker": {
        "type": "Direct",
        "requested": "[12.1.3, )",
        "resolved": "12.1.3",
        "contentHash": "xzsA0K51Ibe9FnMo1MFpdlRvM0pTw/0Wx39fRJS0BV9c1dP7HiQcOCLqhmMsMpiXHnCDRs4SrWx7hgk+MWQxmg==",
        "dependencies": {
          "Avalonia": "12.1.3",
          "Avalonia.Remote.Protocol": "12.1.3"
        }
      },
      "Avalonia.Desktop": {
        "type": "Direct",
        "requested": "[12.1.3, )",
        "resolved": "12.1.3",
        "contentHash": "kjCpRlBIK5OZDnQ01Hd43CF0Mq4eQ9ndABiDCJAGtLD7lbzX6KxJ08vIK4N1VAiY4/enAUz8oT8q4O6bSybrBQ==",
        "dependencies": {
          "Avalonia": "12.1.3",
          "Avalonia.HarfBuzz": "12.1.3",
          "Avalonia.Native": "12.1.3",
          "Avalonia.Skia": "12.1.3",
          "Avalonia.Win32": "12.1.3",
          "Avalonia.X11": "12.1.3"
        }
      },
      "Avalonia.Themes.Fluent": {
        "type": "Direct",
        "requested": "[12.1.3, )",
        "resolved": "12.1.3",
        "contentHash": "ens/GHfXXk0W1ZScHZ2XG6DFiVyUVKR+0O8QK6zkviMNAPQCNwkftXlRVSFSQGtBYxXoJHZMsKYvCLEtVyzkug==",
        "dependencies": {
          "Avalonia": "12.1.3"
        }
      },
      "CommunityToolkit.Mvvm": {
        "type": "Direct",
        "requested": "[8.4.2, )",
        "resolved": "8.4.2",
        "contentHash": "WadCzGEc2U+3e20avRLng4qNtt4zoOGWrdUISqJWrHe3/FSnrYjuM5Sb4yQb09LhkBXrrI4Zt3dLKgRMbItsrg=="
      },
      "Tmds.DBus.Protocol": {
        "type": "Direct",
        "requested": "[0.95.1, )",
        "resolved": "0.95.1",
        "contentHash": "IbGhqZAqqgB/DkT70+lAk4MNv95tZtsTMFQ+S3uGy0aTfOkGVeFjeNJsX8dBI/3+CPnO5XW6lRQKGeFEgHElKw=="
      },
      "Avalonia.Angle.Windows.Natives": {
        "type": "Transitive",
        "resolved": "2.1.27548.20260419",
        "contentHash": "l17nI3XVDN3oMnpjf2pnmJg0YTwK4m6NLsn/itAjDMdObTFxN77D5F1M9sRMSfViSY3KKcse1ROczwgoWLJsnA=="
      },
      "Avalonia.BuildServices": {
        "type": "Transitive",
        "resolved": "11.3.2",
        "contentHash": "qHDToxto1e3hci5YqbG9n0Ty8mlp3zBUN5wT66wKqaDVzXyQ0do3EnRILd4Ke9jpvsktaPpgE0YjEk7hornryQ=="
      },
      "Avalonia.FreeDesktop": {
        "type": "Transitive",
        "resolved": "12.1.3",
        "contentHash": "yEvk7qm0QPzgQwFZZTAIUXt31sQOSSeOSVTDrcm/Pk+5klNN+8C08kIJs9ZD8RY9esHVk2g6VHPab6DceJYRCw==",
        "dependencies": {
          "Avalonia": "12.1.3",
          "Tmds.DBus.Protocol": "0.94.1"
        }
      },
      "Avalonia.FreeDesktop.AtSpi": {
        "type": "Transitive",
        "resolved": "12.1.3",
        "contentHash": "t9dP6VQAKGlXtftNuj7QzFtE54AI1qH1dwFmDEJlvI5gweCLNR8ebgRCLlO/bSLWzzV8dZtb6mB/glZ8soisDw==",
        "dependencies": {
          "Avalonia": "12.1.3"
        }
      },
      "Avalonia.HarfBuzz": {
        "type": "Transitive",
        "resolved": "12.1.3",
        "contentHash": "XcO9BBsmZHMIK+e+yy1TGsytlhqa7o4ih2Y7B0Q7OKh91GEEerbEc6v/X2kRmluKxyYNSmkwH5Uzj53FtjJngA==",
        "dependencies": {
          "Avalonia": "12.1.3",
          "HarfBuzzSharp": "8.3.1.3",
          "HarfBuzzSharp.NativeAssets.Linux": "8.3.1.3",
          "HarfBuzzSharp.NativeAssets.WebAssembly": "8.3.1.3"
        }
      },
      "Avalonia.Native": {
        "type": "Transitive",
        "resolved": "12.1.3",
        "contentHash": "TP6G8mF8vPufxycwe/dfLTsNhqQOGBt2Os5MtJshUGfVQ8zlYUG8K8JckPE+dweuDraAKq305aHXseReD7UgXQ==",
        "dependencies": {
          "Avalonia": "12.1.3"
        }
      },
      "Avalonia.Remote.Protocol": {
        "type": "Transitive",
        "resolved": "12.1.3",
        "contentHash": "HcF69DKyihgg5coLOSp7GTqxQvWAy58LMKauwcHA28uSBJVwu0h5+gTNdJA8Sn/nqJVTRDU98zYsk6i1QSwDVQ=="
      },
      "Avalonia.Skia": {
        "type": "Transitive",
        "resolved": "12.1.3",
        "contentHash": "fYfSecJ6vQT3zB9vWl2DOoBK6JM4Mzxpz7KbUPxJePjY/yUl2OyhjKCyUcGZF2DV5mpAYfCOT4rdKEk8hP/lCA==",
        "dependencies": {
          "Avalonia": "12.1.3",
          "HarfBuzzSharp": "8.3.1.3",
          "HarfBuzzSharp.NativeAssets.Linux": "8.3.1.3",
          "HarfBuzzSharp.NativeAssets.WebAssembly": "8.3.1.3",
          "SkiaSharp": "3.119.4",
          "SkiaSharp.NativeAssets.Linux": "3.119.4",
          "SkiaSharp.NativeAssets.WebAssembly": "3.119.4"
        }
      },
      "Avalonia.Win32": {
        "type": "Transitive",
        "resolved": "12.1.3",
        "contentHash": "RXSOmQGV5uKS9orIeE8a5oGz9QukzBnQTP3dtT9uJUhIIuZracy3ItoW8gtlZGBs3lzhEFTZlOk1Fn/Zxj/iAg==",
        "dependencies": {
          "Avalonia": "12.1.3",
          "Avalonia.Angle.Windows.Natives": "2.1.27548.20260419"
        }
      },
      "Avalonia.X11": {
        "type": "Transitive",
        "resolved": "12.1.3",
        "contentHash": "NWkfAGgERPlYRKpiB18t5auSFA/Ffd++uZsUEtHPc/maitjydNJVDmtY21pUqR2QvAeTCl1nRAagi+j9bKVyKw==",
        "dependencies": {
          "Avalonia": "12.1.3",
          "Avalonia.FreeDesktop": "12.1.3",
          "Avalonia.FreeDesktop.AtSpi": "12.1.3",
          "Avalonia.Skia": "12.1.3"
        }
      },
      "DiscUtils.Core": {
        "type": "Transitive",
        "resolved": "0.16.13",
        "contentHash": "TU/Ns5RMa3060K7AsSDqG94/H7eaWaz1XoYuCUur40Mg+t0/ubtKqxCffkoiB1e/cFMGvHL0evFoY6uDL9Ocmw==",
        "dependencies": {
          "DiscUtils.Streams": "0.16.13"
        }
      },
      "DiscUtils.Streams": {
        "type": "Transitive",
        "resolved": "0.16.13",
        "contentHash": "BSrywAX2mmvt6j00u6VQYQLtxc6jDniK2aP4p0q20bbTGXImtW4N26eUZYKfkW9aj6XLaqISFgtWfssKURixeA=="
      },
      "MicroCom.Runtime": {
        "type": "Transitive",
        "resolved": "0.11.6",
        "contentHash": "NdNWGDiZ6eS/Mf/9+QHR91cj1K7Hy+PX9yrHI/zM7xFYuj9IWT2uxtB6sCHjrnxAeLV9fut1R6zHDUGKX6f9lQ=="
      },
      "Microsoft.Win32.SystemEvents": {
        "type": "Transitive",
        "resolved": "10.0.12",
        "contentHash": "kdj5cqOwgZCMltEhQ4+WVUoFkMHG08EJfy1MDyS9H+FBg66vTTFyX8YcNl8IQh5wRQv79P+iduQgDGY8ucBR+w=="
      },
      "System.CodeDom": {
        "type": "Transitive",
        "resolved": "10.0.12",
        "contentHash": "Kk3yEavoGHXCAFTLLegxztgSdj24JrkAHelwgWnu+YMFxezcU2DbABEOOIMdy04PExUtKQtlazaKqo0qSa1X6A=="
      },
      "System.Diagnostics.EventLog": {
        "type": "Transitive",
        "resolved": "10.0.12",
        "contentHash": "sOZM+VyRj1pg/ItlHsvrSbjws6oGqZveTzTNBGZ9ziwRDyKsOF3ub6vhvOdxotCIqtlnyHAIwP5sLNvgiZC+pQ=="
      },
      "commandlib": {
        "type": "Project"
      },
      "xcpngcenter.rfb": {
        "type": "Project",
        "dependencies": {
          "log4net": "[3.5.0, )"
        }
      },
      "xencenterlib": {
        "type": "Project",
        "dependencies": {
          "SharpZipLib": "[1.4.2, )",
          "System.Management": "[10.0.12, )",
          "System.Security.Cryptography.ProtectedData": "[10.0.12, )",
          "log4net": "[3.5.0, )"
        }
      },
      "xenmodel": {
        "type": "Project",
        "dependencies": {
          "CommandLib": "[2026.10.4, )",
          "DiscUtils.Iso9660": "[0.16.13, )",
          "DiscUtils.Vhd": "[0.16.13, )",
          "DiscUtils.Vhdx": "[0.16.13, )",
          "DiscUtils.Vmdk": "[0.16.13, )",
          "DiscUtils.Wim": "[0.16.13, )",
          "Newtonsoft.Json": "[13.0.4, )",
          "System.Drawing.Common": "[10.0.12, )",
          "XenCenterLib": "[2026.10.4, )",
          "XenOvfApi": "[2026.10.4, )",
          "lzfse-net": "[1.0.15, )",
          "lzo.net": "[0.0.6, )"
        }
      },
      "xenovfapi": {
        "type": "Project",
        "dependencies": {
          "System.Management": "[10.0.12, )",
          "XenCenterLib": "[2026.10.4, )"
        }
      },
      "DiscUtils.Iso9660": {
        "type": "CentralTransitive",
        "requested": "[0.16.13, )",
        "resolved": "0.16.13",
        "contentHash": "hT0DbN+sIqg5Bu3/sCQUuKLwIrceF9BZvn7AeRe+f2iY0p4mgN9xEmXpFWQshnBBxN9r75364agBHDeb5owiUA==",
        "dependencies": {
          "DiscUtils.Core": "0.16.13"
        }
      },
      "DiscUtils.Vhd": {
        "type": "CentralTransitive",
        "requested": "[0.16.13, )",
        "resolved": "0.16.13",
        "contentHash": "n1UIJU/9rYbkDTDGn6jQ23iKk9gGURoCzAKcQjVa3WZxWDqfhohgNh6BUc1B3gQN1WdP+vc6iCWfLrRCEODTGQ==",
        "dependencies": {
          "DiscUtils.Core": "0.16.13"
        }
      },
      "DiscUtils.Vhdx": {
        "type": "CentralTransitive",
        "requested": "[0.16.13, )",
        "resolved": "0.16.13",
        "contentHash": "1i6FPceCsnHknc0nPT6uWWZQ2hfVOyhsft0gywWUMLBqZdHTct8+5fH0YfjPxGC89eaO2oeiUE0r4jsTjDZxGw==",
        "dependencies": {
          "DiscUtils.Core": "0.16.13"
        }
      },
      "DiscUtils.Vmdk": {
        "type": "CentralTransitive",
        "requested": "[0.16.13, )",
        "resolved": "0.16.13",
        "contentHash": "61iTWbOLf4ZPX18u8q/anMorTYyXUFHLGo+ceGG5SC1s7mWdxy/rWIJwHn3UCeMBfKY5tf5Tjv0wkCA/zwqJ+A==",
        "dependencies": {
          "DiscUtils.Core": "0.16.13"
        }
      },
      "DiscUtils.Wim": {
        "type": "CentralTransitive",
        "requested": "[0.16.13, )",
        "resolved": "0.16.13",
        "contentHash": "pdqlu6K1nDEWNzTZxwO28PdQymD7rEibg9WmIADJdoWg2PnlUoHMr724l/QuRFDXUafgYrsjGk1Ua5gDOm9Dzw==",
        "dependencies": {
          "DiscUtils.Core": "0.16.13"
        }
      },
      "HarfBuzzSharp": {
        "type": "CentralTransitive",
        "requested": "[14.2.1.301, )",
        "resolved": "14.2.1.301",
        "contentHash": "FNlv2OCprGHp3EcaZ9Fc2O3ojl7sGHg418Ey+8g/UwKkPGgBUfdWuhdVOH8pB0wkVkMsFOZH7dr4iOFtVrB88Q==",
        "dependencies": {
          "HarfBuzzSharp.NativeAssets.Win32": "14.2.1.301",
          "HarfBuzzSharp.NativeAssets.macOS": "14.2.1.301"
        }
      },
      "HarfBuzzSharp.NativeAssets.Linux": {
        "type": "CentralTransitive",
        "requested": "[14.2.1.301, )",
        "resolved": "14.2.1.301",
        "contentHash": "z9+VeNETkwp+raqhEfS+6aAfDl1MLxZxmE9GE/edhTIIwkXhZbPn0JUfhpqqjNy1Q0rQrZCzaJ2VNgVbQR+2MQ=="
      },
      "HarfBuzzSharp.NativeAssets.macOS": {
        "type": "CentralTransitive",
        "requested": "[14.2.1.301, )",
        "resolved": "14.2.1.301",
        "contentHash": "NHHoxkjGkU6BnWyksKjM7TrIReXzpgXuss+ahhUgby0oJuYR9/HaxkfezYe3abpmWDN1PYWM5SBZWob3TzpkKA=="
      },
      "HarfBuzzSharp.NativeAssets.WebAssembly": {
        "type": "CentralTransitive",
        "requested": "[14.2.1.301, )",
        "resolved": "14.2.1.301",
        "contentHash": "kQYE3uis3LMofM2BoMmCnfZoBfU4F1L+sQ7CyNBETIm4gnPT8sO3Gr/x9k6oDs728XvnCuTdchWxqFLQ/ADhcg=="
      },
      "HarfBuzzSharp.NativeAssets.Win32": {
        "type": "CentralTransitive",
        "requested": "[14.2.1.301, )",
        "resolved": "14.2.1.301",
        "contentHash": "mL1atDEKtJSqutOFjLP/hiA8rTGqOQCHBpfkG3rXnTFJCqN94oAKhR8a7+bhxxxvSgj4soJXUBICSYGte5odNA=="
      },
      "log4net": {
        "type": "CentralTransitive",
        "requested": "[3.5.0, )",
        "resolved": "3.5.0",
        "contentHash": "JJJ1L3/WJZA8OAyaz0ghG8+DNo2t9qn0nbV3HzIBVMheO62R1Zdz+mvyizpYsYDu/+k35tg324r2P/LCvAtfKw==",
        "dependencies": {
          "System.Configuration.ConfigurationManager": "4.5.0"
        }
      },
      "lzfse-net": {
        "type": "CentralTransitive",
        "requested": "[1.0.15, )",
        "resolved": "1.0.15",
        "contentHash": "O5AhPNxnNhI9Ena8b+VJ1hhgNac8rRmd1rnYopSEWHetU/1Z5xOFPuWT4nxpy2u5Qk7evS5kFj1dRDhcArBtpg=="
      },
      "lzo.net": {
        "type": "CentralTransitive",
        "requested": "[0.0.6, )",
        "resolved": "0.0.6",
        "contentHash": "d+F4Kf+Mnh3G83NOxXyxlZljkFvD5ZM7WUPu5Y7DTZousSgz1EAhpanSbj0+25KVrInroNoV/W9QqwtRH3avig=="
      },
      "Newtonsoft.Json": {
        "type": "CentralTransitive",
        "requested": "[13.0.4, )",
        "resolved": "13.0.4",
        "contentHash": "pdgNNMai3zv51W5aq268sujXUyx7SNdE2bj1wZcWjAQrKMFZV260lbqYop1d2GM67JI1huLRwxo9ZqnfF/lC6A=="
      },
      "SharpZipLib": {
        "type": "CentralTransitive",
        "requested": "[1.4.2, )",
        "resolved": "1.4.2",
        "contentHash": "yjj+3zgz8zgXpiiC3ZdF/iyTBbz2fFvMxZFEBPUcwZjIvXOf37Ylm+K58hqMfIBt5JgU/Z2uoUS67JmTLe973A=="
      },
      "SkiaSharp": {
        "type": "CentralTransitive",
        "requested": "[4.153.1, )",
        "resolved": "4.153.1",
        "contentHash": "TghYLOUaP3q6rTjQw7U9uQaaXh8lEs9rfA1U7/VtmyAptVDtj/SmjtcWzFWmcC/VMWxe3QgbV9uyvqDL7ySFtQ==",
        "dependencies": {
          "SkiaSharp.NativeAssets.Win32": "4.153.1",
          "SkiaSharp.NativeAssets.macOS": "4.153.1"
        }
      },
      "SkiaSharp.NativeAssets.Linux": {
        "type": "CentralTransitive",
        "requested": "[4.153.1, )",
        "resolved": "4.153.1",
        "contentHash": "DlBk91MARPfARK5kqd1K6+u6UuUQx+8Rsc+Pwi2dVO7X+S3LsLwqJq1gULLdpIgW2zmcqZ87O6TMfdWkwBXfkQ=="
      },
      "SkiaSharp.NativeAssets.macOS": {
        "type": "CentralTransitive",
        "requested": "[4.153.1, )",
        "resolved": "4.153.1",
        "contentHash": "YTojWeWIhnpF7uC8vpMxB5wRONKkDB2t3r/nNPA3DL2pgj9fqMXRevA/rIanYazWnco4jo1ufgp3HkXuh1Tz8A=="
      },
      "SkiaSharp.NativeAssets.WebAssembly": {
        "type": "CentralTransitive",
        "requested": "[4.153.1, )",
        "resolved": "4.153.1",
        "contentHash": "F9pVDw6tl6n657k4cunNExm2T0dPc2HfauR5nkKUBNCN1nnpKnfQ+4Chtzc6WVhmARarh/E7Knrghcvwus+Yjw=="
      },
      "SkiaSharp.NativeAssets.Win32": {
        "type": "CentralTransitive",
        "requested": "[4.153.1, )",
        "resolved": "4.153.1",
        "contentHash": "Yqg6rChTVh0BUE8QQxtOA3uUBnihfgID4yex/AvDa0+os2bVcBjmI3Qj9tnOB+R1hd/Jry1Gwl8qw5JI9HZG8Q=="
      },
      "System.Configuration.ConfigurationManager": {
        "type": "CentralTransitive",
        "requested": "[10.0.12, )",
        "resolved": "10.0.12",
        "contentHash": "6KP/CGB9YymJuhNorm5FS/urQJB40h6t4DIiXN8J1VT/jINZHNgjzcdWRHGYuXGLwO7SCOq5K/OMAnh6oRbeLg==",
        "dependencies": {
          "System.Diagnostics.EventLog": "10.0.12",
          "System.Security.Cryptography.ProtectedData": "10.0.12"
        }
      },
      "System.Drawing.Common": {
        "type": "CentralTransitive",
        "requested": "[10.0.12, )",
        "resolved": "10.0.12",
        "contentHash": "FBUxiucg2gsnyItbpGgyXI5u8FYLcqdLKS1XJkHHTj3RK1c6kpsJr/Y9i4edUNF7LqCYFrHqpHEvpt8/lNBe9w==",
        "dependencies": {
          "Microsoft.Win32.SystemEvents": "10.0.12"
        }
      },
      "System.Management": {
        "type": "CentralTransitive",
        "requested": "[10.0.12, )",
        "resolved": "10.0.12",
        "contentHash": "ApUsYmsNG8aPiMxsO6ROGZnqJwSZY8zeMlAQcuQg+ilPFUcIyBUC0BL8qA6wmPLNVsvL4nyhUrhhxh6qn0cx0Q==",
        "dependencies": {
          "System.CodeDom": "10.0.12"
        }
      },
      "System.Security.Cryptography.ProtectedData": {
        "type": "CentralTransitive",
        "requested": "[10.0.12, )",
        "resolved": "10.0.12",
        "contentHash": "wO0W8VDMeRJZakRySOmemAnrBZMwEFRlbfBtATxUiLf2I3IhSRnCp1Vt157NWptdE4IJ7eftd5n8q9LtaKHFTQ=="
      }
    }
  }
}