{
  "version": 2,
  "dependencies": {
    "net10.0": {
      "Microsoft.NET.Test.Sdk": {
        "type": "Direct",
        "requested": "[18.10.1, )",
        "resolved": "18.10.1",
        "contentHash": "SxCFvJE/2ltUQgCgv6+Ixagohw4sZc9hM7Wid2foaNM7paBscktoHLoRDz91fW8wbHG87Rg9Ku59/8PXumqUrA==",
        "dependencies": {
          "Microsoft.CodeCoverage": "18.10.1",
          "Microsoft.TestPlatform.TestHost": "18.10.1"
        }
      },
      "xunit": {
        "type": "Direct",
        "requested": "[2.9.3, )",
        "resolved": "2.9.3",
        "contentHash": "TlXQBinK35LpOPKHAqbLY4xlEen9TBafjs0V5KnA4wZsoQLQJiirCR4CbIXvOH8NzkW4YeJKP5P/Bnrodm0h9Q==",
        "dependencies": {
          "xunit.analyzers": "1.18.0",
          "xunit.assert": "2.9.3",
          "xunit.core": "[2.9.3]"
        }
      },
      "xunit.runner.visualstudio": {
        "type": "Direct",
        "requested": "[4.0.0, )",
        "resolved": "4.0.0",
        "contentHash": "kzLFyBYUnoidpGOXvpNOfIo8C92gVgVR6X8ncHwhcrDYugiOut5rrhDkr0L3cWHd7J2pKXf6LgaeXoBBDlx1ag=="
      },
      "Avalonia.Angle.Windows.Natives": {
        "type": "Transitive",
        "resolved": "2.1.25547.20250602",
        "contentHash": "ZL0VLc4s9rvNNFt19Pxm5UNAkmKNylugAwJPX9ulXZ6JWs/l6XZihPWWTyezaoNOVyEPU8YbURtW7XMAtqXH5A=="
      },
      "Avalonia.BuildServices": {
        "type": "Transitive",
        "resolved": "11.3.2",
        "contentHash": "qHDToxto1e3hci5YqbG9n0Ty8mlp3zBUN5wT66wKqaDVzXyQ0do3EnRILd4Ke9jpvsktaPpgE0YjEk7hornryQ=="
      },
      "Avalonia.FreeDesktop": {
        "type": "Transitive",
        "resolved": "11.3.22",
        "contentHash": "heXRjopzKbNVGnLI+YPM6VBcf+cKGKKNdyXBYAlAlbcPfkExOTrGBSPDSSSHaT9uEByqZ4xo/9T0IqDtGm2PAQ==",
        "dependencies": {
          "Avalonia": "11.3.22",
          "Tmds.DBus.Protocol": "0.21.3"
        }
      },
      "Avalonia.Native": {
        "type": "Transitive",
        "resolved": "11.3.22",
        "contentHash": "sU/KJQKqrRkstS1EWIhRvD/ADIkItoOSss3sL/wtPFFFJINPOrge5qMnwNi0RbDzNKb4TrZwEv6eeD27Ip+ACQ==",
        "dependencies": {
          "Avalonia": "11.3.22"
        }
      },
      "Avalonia.Remote.Protocol": {
        "type": "Transitive",
        "resolved": "11.3.22",
        "contentHash": "Ll5YswLkNW0WZm7RkvGS+8B9vH4/x77IsnCqlBvmXOgiQd0J5bpJQFYo1NDVyRLadp4e8Yqg1WP2xEc6IK94HQ=="
      },
      "Avalonia.Skia": {
        "type": "Transitive",
        "resolved": "11.3.22",
        "contentHash": "ZbnfFCr2f1l3RD1E/Tn5tJDRFIDm9ICY/PzG4lhuShd6mDg+0y5wRCytCYOSM79KhlboU/f0O7J1Mw7s83Sy3A==",
        "dependencies": {
          "Avalonia": "11.3.22",
          "HarfBuzzSharp": "8.3.1.1",
          "HarfBuzzSharp.NativeAssets.Linux": "8.3.1.1",
          "HarfBuzzSharp.NativeAssets.WebAssembly": "8.3.1.1",
          "SkiaSharp": "2.88.9",
          "SkiaSharp.NativeAssets.Linux": "2.88.9",
          "SkiaSharp.NativeAssets.WebAssembly": "2.88.9"
        }
      },
      "Avalonia.Win32": {
        "type": "Transitive",
        "resolved": "11.3.22",
        "contentHash": "9kP1kWFJtbW2fFmGY2fs1kn0Rx1ARpf3Mz+QrLhagYUp6RaMN5Imus5YiOQWCTe8ZkQqktt8PsKUDWyvj8SiYQ==",
        "dependencies": {
          "Avalonia": "11.3.22",
          "Avalonia.Angle.Windows.Natives": "2.1.25547.20250602"
        }
      },
      "Avalonia.X11": {
        "type": "Transitive",
        "resolved": "11.3.22",
        "contentHash": "w4OZxdAPAjGDKpBrU5kbiXzbbQT/ZcdGTMareDODdyIPFvd4AX+5iPAv08Ih87evHOXAf04dpvJyAEPgw1kMFg==",
        "dependencies": {
          "Avalonia": "11.3.22",
          "Avalonia.FreeDesktop": "11.3.22",
          "Avalonia.Skia": "11.3.22"
        }
      },
      "DiscUtils.Core": {
        "type": "Transitive",
        "resolved": "0.16.13",
        "contentHash": "TU/Ns5RMa3060K7AsSDqG94/H7eaWaz1XoYuCUur40Mg+t0/ubtKqxCffkoiB1e/cFMGvHL0evFoY6uDL9Ocmw==",
        "dependencies": {
          "DiscUtils.Streams": "0.16.13"
        }
      },
      "DiscUtils.Streams": {
        "type": "Transitive",
        "resolved": "0.16.13",
        "contentHash": "BSrywAX2mmvt6j00u6VQYQLtxc6jDniK2aP4p0q20bbTGXImtW4N26eUZYKfkW9aj6XLaqISFgtWfssKURixeA=="
      },
      "HarfBuzzSharp": {
        "type": "Transitive",
        "resolved": "8.3.1.1",
        "contentHash": "tLZN66oe/uiRPTZfrCU4i8ScVGwqHNh5MHrXj0yVf4l7Mz0FhTGnQ71RGySROTmdognAs0JtluHkL41pIabWuQ==",
        "dependencies": {
          "HarfBuzzSharp.NativeAssets.Win32": "8.3.1.1",
          "HarfBuzzSharp.NativeAssets.macOS": "8.3.1.1"
        }
      },
      "HarfBuzzSharp.NativeAssets.Linux": {
        "type": "Transitive",
        "resolved": "8.3.1.1",
        "contentHash": "3EZ1mpIiKWRLL5hUYA82ZHteeDIVaEA/Z0rA/wU6tjx6crcAkJnBPwDXZugBSfo8+J3EznvRJf49uMsqYfKrHg=="
      },
      "HarfBuzzSharp.NativeAssets.macOS": {
        "type": "Transitive",
        "resolved": "8.3.1.1",
        "contentHash": "jbtCsgftcaFLCA13tVKo5iWdElJScrulLTKJre36O4YQTIlwDtPPqhRZNk+Y0vv4D1gxbscasGRucUDfS44ofQ=="
      },
      "HarfBuzzSharp.NativeAssets.WebAssembly": {
        "type": "Transitive",
        "resolved": "8.3.1.1",
        "contentHash": "loJweK2u/mH/3C2zBa0ggJlITIszOkK64HLAZB7FUT670dTg965whLFYHDQo69NmC4+d9UN0icLC9VHidXaVCA=="
      },
      "HarfBuzzSharp.NativeAssets.Win32": {
        "type": "Transitive",
        "resolved": "8.3.1.1",
        "contentHash": "UsJtQsfAJoFDZrXc4hCUfRPMqccfKZ0iumJ/upcUjz/cmsTgVFGNEL5yaJWmkqsuFYdMWbj/En5/kS4PFl9hBA=="
      },
      "MicroCom.Runtime": {
        "type": "Transitive",
        "resolved": "0.11.0",
        "contentHash": "MEnrZ3UIiH40hjzMDsxrTyi8dtqB5ziv3iBeeU4bXsL/7NLSal9F1lZKpK+tfBRnUoDSdtcW3KufE4yhATOMCA=="
      },
      "Microsoft.CodeCoverage": {
        "type": "Transitive",
        "resolved": "18.10.1",
        "contentHash": "tV7tCyp/t+DuwQugLkCeUN7NBFFB4fEGRPr0gkMQ2nQgAvQQjmGlZZi1dsLzbyoe/A0mbnKybmkIh8qhT9p4Zw=="
      },
      "Microsoft.TestPlatform.ObjectModel": {
        "type": "Transitive",
        "resolved": "18.10.1",
        "contentHash": "o+PuLDRVp1iwiVAPBADZItXgm9Ck23XtPhE4kZtZVi0uYnMiiz1Dx9Cjh75kJ+ijfqnORL3VOTOaQVKi0f/ixg=="
      },
      "Microsoft.TestPlatform.TestHost": {
        "type": "Transitive",
        "resolved": "18.10.1",
        "contentHash": "KYz2omqkoz9E2mWa4fdgT+Ycie1wi5968EmyJlusjlp87RxxtA2FvDm8tcBEYIDzLnkWGnsKjE4d13Z7/rxkQA==",
        "dependencies": {
          "Microsoft.TestPlatform.ObjectModel": "18.10.1"
        }
      },
      "Microsoft.Win32.SystemEvents": {
        "type": "Transitive",
        "resolved": "10.0.12",
        "contentHash": "kdj5cqOwgZCMltEhQ4+WVUoFkMHG08EJfy1MDyS9H+FBg66vTTFyX8YcNl8IQh5wRQv79P+iduQgDGY8ucBR+w=="
      },
      "SkiaSharp": {
        "type": "Transitive",
        "resolved": "2.88.9",
        "contentHash": "3MD5VHjXXieSHCleRLuaTXmL2pD0mB7CcOB1x2kA1I4bhptf4e3R27iM93264ZYuAq6mkUyX5XbcxnZvMJYc1Q==",
        "dependencies": {
          "SkiaSharp.NativeAssets.Win32": "2.88.9",
          "SkiaSharp.NativeAssets.macOS": "2.88.9"
        }
      },
      "SkiaSharp.NativeAssets.Linux": {
        "type": "Transitive",
        "resolved": "2.88.9",
        "contentHash": "cWSaJKVPWAaT/WIn9c8T5uT/l4ETwHxNJTkEOtNKjphNo8AW6TF9O32aRkxqw3l8GUdUo66Bu7EiqtFh/XG0Zg==",
        "dependencies": {
          "SkiaSharp": "2.88.9"
        }
      },
      "SkiaSharp.NativeAssets.macOS": {
        "type": "Transitive",
        "resolved": "2.88.9",
        "contentHash": "Nv5spmKc4505Ep7oUoJ5vp3KweFpeNqxpyGDWyeEPTX2uR6S6syXIm3gj75dM0YJz7NPvcix48mR5laqs8dPuA=="
      },
      "SkiaSharp.NativeAssets.WebAssembly": {
        "type": "Transitive",
        "resolved": "2.88.9",
        "contentHash": "kt06RccBHSnAs2wDYdBSfsjIDbY3EpsOVqnlDgKdgvyuRA8ZFDaHRdWNx1VHjGgYzmnFCGiTJBnXFl5BqGwGnA=="
      },
      "SkiaSharp.NativeAssets.Win32": {
        "type": "Transitive",
        "resolved": "2.88.9",
        "contentHash": "wb2kYgU7iy84nQLYZwMeJXixvK++GoIuECjU4ECaUKNuflyRlJKyiRhN1MAHswvlvzuvkrjRWlK0Za6+kYQK7w=="
      },
      "System.CodeDom": {
        "type": "Transitive",
        "resolved": "10.0.12",
        "contentHash": "Kk3yEavoGHXCAFTLLegxztgSdj24JrkAHelwgWnu+YMFxezcU2DbABEOOIMdy04PExUtKQtlazaKqo0qSa1X6A=="
      },
      "System.Diagnostics.EventLog": {
        "type": "Transitive",
        "resolved": "10.0.12",
        "contentHash": "sOZM+VyRj1pg/ItlHsvrSbjws6oGqZveTzTNBGZ9ziwRDyKsOF3ub6vhvOdxotCIqtlnyHAIwP5sLNvgiZC+pQ=="
      },
      "xunit.abstractions": {
        "type": "Transitive",
        "resolved": "2.0.3",
        "contentHash": "pot1I4YOxlWjIb5jmwvvQNbTrZ3lJQ+jUGkGjWE3hEFM0l5gOnBWS+H3qsex68s5cO52g+44vpGzhAt+42vwKg=="
      },
      "xunit.analyzers": {
        "type": "Transitive",
        "resolved": "1.18.0",
        "contentHash": "OtFMHN8yqIcYP9wcVIgJrq01AfTxijjAqVDy/WeQVSyrDC1RzBWeQPztL49DN2syXRah8TYnfvk035s7L95EZQ=="
      },
      "xunit.assert": {
        "type": "Transitive",
        "resolved": "2.9.3",
        "contentHash": "/Kq28fCE7MjOV42YLVRAJzRF0WmEqsmflm0cfpMjGtzQ2lR5mYVj1/i0Y8uDAOLczkL3/jArrwehfMD0YogMAA=="
      },
      "xunit.core": {
        "type": "Transitive",
        "resolved": "2.9.3",
        "contentHash": "BiAEvqGvyme19wE0wTKdADH+NloYqikiU0mcnmiNyXaF9HyHmE6sr/3DC5vnBkgsWaE6yPyWszKSPSApWdRVeQ==",
        "dependencies": {
          "xunit.extensibility.core": "[2.9.3]",
          "xunit.extensibility.execution": "[2.9.3]"
        }
      },
      "xunit.extensibility.core": {
        "type": "Transitive",
        "resolved": "2.9.3",
        "contentHash": "kf3si0YTn2a8J8eZNb+zFpwfoyvIrQ7ivNk5ZYA5yuYk1bEtMe4DxJ2CF/qsRgmEnDr7MnW1mxylBaHTZ4qErA==",
        "dependencies": {
          "xunit.abstractions": "2.0.3"
        }
      },
      "xunit.extensibility.execution": {
        "type": "Transitive",
        "resolved": "2.9.3",
        "contentHash": "yMb6vMESlSrE3Wfj7V6cjQ3S4TXdXpRqYeNEI3zsX31uTsGMJjEw6oD5F5u1cHnMptjhEECnmZSsPxB6ChZHDQ==",
        "dependencies": {
          "xunit.extensibility.core": "[2.9.3]"
        }
      },
      "commandlib": {
        "type": "Project"
      },
      "xcpngcenter.rfb": {
        "type": "Project",
        "dependencies": {
          "log4net": "[3.5.0, )"
        }
      },
      "xcpngcenter.shell": {
        "type": "Project",
        "dependencies": {
          "Avalonia": "[11.3.22, )",
          "Avalonia.Controls.ColorPicker": "[11.3.22, )",
          "Avalonia.Desktop": "[11.3.22, )",
          "Avalonia.Themes.Fluent": "[11.3.22, )",
          "CommunityToolkit.Mvvm": "[8.4.2, )",
          "Tmds.DBus.Protocol": "[0.21.3, )",
          "XcpNgCenter.Rfb": "[2026.10.4, )",
          "XenCenterLib": "[2026.10.4, )",
          "XenModel": "[2026.10.4, )",
          "XenOvfApi": "[2026.10.4, )"
        }
      },
      "xencenterlib": {
        "type": "Project",
        "dependencies": {
          "SharpZipLib": "[1.4.2, )",
          "System.Management": "[10.0.12, )",
          "System.Security.Cryptography.ProtectedData": "[10.0.12, )",
          "log4net": "[3.5.0, )"
        }
      },
      "xenmodel": {
        "type": "Project",
        "dependencies": {
          "CommandLib": "[2026.10.4, )",
          "DiscUtils.Iso9660": "[0.16.13, )",
          "DiscUtils.Vhd": "[0.16.13, )",
          "DiscUtils.Vhdx": "[0.16.13, )",
          "DiscUtils.Vmdk": "[0.16.13, )",
          "DiscUtils.Wim": "[0.16.13, )",
          "Newtonsoft.Json": "[13.0.4, )",
          "System.Drawing.Common": "[10.0.12, )",
          "XenCenterLib": "[2026.10.4, )",
          "XenOvfApi": "[2026.10.4, )",
          "lzfse-net": "[1.0.15, )",
          "lzo.net": "[0.0.6, )"
        }
      },
      "xenovfapi": {
        "type": "Project",
        "dependencies": {
          "System.Management": "[10.0.12, )",
          "XenCenterLib": "[2026.10.4, )"
        }
      },
      "Avalonia": {
        "type": "CentralTransitive",
        "requested": "[11.3.22, )",
        "resolved": "11.3.22",
        "contentHash": "61kKbPq/2W/S8PkjRYnDCSvH2fAvhC3eTrYFtwMUZVShP5M2xXII76kIQo8bcezxwFkHc/yoRP3xzae2tFZRsQ==",
        "dependencies": {
          "Avalonia.BuildServices": "11.3.2",
          "Avalonia.Remote.Protocol": "11.3.22",
          "MicroCom.Runtime": "0.11.0"
        }
      },
      "Avalonia.Controls.ColorPicker": {
        "type": "CentralTransitive",
        "requested": "[11.3.22, )",
        "resolved": "11.3.22",
        "contentHash": "cssRcc/nkhz6oUP0dx3UICY9Jw9E5eFMOCEXeP6nMyy87/9PF8/w/LIVGh9CIaqQvSyMOHmlgizdJf+M5WUATQ==",
        "dependencies": {
          "Avalonia": "11.3.22",
          "Avalonia.Remote.Protocol": "11.3.22"
        }
      },
      "Avalonia.Desktop": {
        "type": "CentralTransitive",
        "requested": "[11.3.22, )",
        "resolved": "11.3.22",
        "contentHash": "TXdIJ5WA473KqFd/b3EqnXUIgFDhPuOx2OkzG7Fm8EkCPF5JKkCwg+i7yq8IRsYKcQ4I8X/4HkUyCb8DcfgfYg==",
        "dependencies": {
          "Avalonia": "11.3.22",
          "Avalonia.Native": "11.3.22",
          "Avalonia.Skia": "11.3.22",
          "Avalonia.Win32": "11.3.22",
          "Avalonia.X11": "11.3.22"
        }
      },
      "Avalonia.Themes.Fluent": {
        "type": "CentralTransitive",
        "requested": "[11.3.22, )",
        "resolved": "11.3.22",
        "contentHash": "tCui436MQuxeIXj/eA/Mq9neAgNTud0Jk22HDWSo05KT+vaH5oJa53xI8PxEi3uRSsWK2l9yoQciLKrzzIrqCw==",
        "dependencies": {
          "Avalonia": "11.3.22"
        }
      },
      "CommunityToolkit.Mvvm": {
        "type": "CentralTransitive",
        "requested": "[8.4.2, )",
        "resolved": "8.4.2",
        "contentHash": "WadCzGEc2U+3e20avRLng4qNtt4zoOGWrdUISqJWrHe3/FSnrYjuM5Sb4yQb09LhkBXrrI4Zt3dLKgRMbItsrg=="
      },
      "DiscUtils.Iso9660": {
        "type": "CentralTransitive",
        "requested": "[0.16.13, )",
        "resolved": "0.16.13",
        "contentHash": "hT0DbN+sIqg5Bu3/sCQUuKLwIrceF9BZvn7AeRe+f2iY0p4mgN9xEmXpFWQshnBBxN9r75364agBHDeb5owiUA==",
        "dependencies": {
          "DiscUtils.Core": "0.16.13"
        }
      },
      "DiscUtils.Vhd": {
        "type": "CentralTransitive",
        "requested": "[0.16.13, )",
        "resolved": "0.16.13",
        "contentHash": "n1UIJU/9rYbkDTDGn6jQ23iKk9gGURoCzAKcQjVa3WZxWDqfhohgNh6BUc1B3gQN1WdP+vc6iCWfLrRCEODTGQ==",
        "dependencies": {
          "DiscUtils.Core": "0.16.13"
        }
      },
      "DiscUtils.Vhdx": {
        "type": "CentralTransitive",
        "requested": "[0.16.13, )",
        "resolved": "0.16.13",
        "contentHash": "1i6FPceCsnHknc0nPT6uWWZQ2hfVOyhsft0gywWUMLBqZdHTct8+5fH0YfjPxGC89eaO2oeiUE0r4jsTjDZxGw==",
        "dependencies": {
          "DiscUtils.Core": "0.16.13"
        }
      },
      "DiscUtils.Vmdk": {
        "type": "CentralTransitive",
        "requested": "[0.16.13, )",
        "resolved": "0.16.13",
        "contentHash": "61iTWbOLf4ZPX18u8q/anMorTYyXUFHLGo+ceGG5SC1s7mWdxy/rWIJwHn3UCeMBfKY5tf5Tjv0wkCA/zwqJ+A==",
        "dependencies": {
          "DiscUtils.Core": "0.16.13"
        }
      },
      "DiscUtils.Wim": {
        "type": "CentralTransitive",
        "requested": "[0.16.13, )",
        "resolved": "0.16.13",
        "contentHash": "pdqlu6K1nDEWNzTZxwO28PdQymD7rEibg9WmIADJdoWg2PnlUoHMr724l/QuRFDXUafgYrsjGk1Ua5gDOm9Dzw==",
        "dependencies": {
          "DiscUtils.Core": "0.16.13"
        }
      },
      "log4net": {
        "type": "CentralTransitive",
        "requested": "[3.5.0, )",
        "resolved": "3.5.0",
        "contentHash": "JJJ1L3/WJZA8OAyaz0ghG8+DNo2t9qn0nbV3HzIBVMheO62R1Zdz+mvyizpYsYDu/+k35tg324r2P/LCvAtfKw==",
        "dependencies": {
          "System.Configuration.ConfigurationManager": "4.5.0"
        }
      },
      "lzfse-net": {
        "type": "CentralTransitive",
        "requested": "[1.0.15, )",
        "resolved": "1.0.15",
        "contentHash": "O5AhPNxnNhI9Ena8b+VJ1hhgNac8rRmd1rnYopSEWHetU/1Z5xOFPuWT4nxpy2u5Qk7evS5kFj1dRDhcArBtpg=="
      },
      "lzo.net": {
        "type": "CentralTransitive",
        "requested": "[0.0.6, )",
        "resolved": "0.0.6",
        "contentHash": "d+F4Kf+Mnh3G83NOxXyxlZljkFvD5ZM7WUPu5Y7DTZousSgz1EAhpanSbj0+25KVrInroNoV/W9QqwtRH3avig=="
      },
      "Newtonsoft.Json": {
        "type": "CentralTransitive",
        "requested": "[13.0.4, )",
        "resolved": "13.0.4",
        "contentHash": "pdgNNMai3zv51W5aq268sujXUyx7SNdE2bj1wZcWjAQrKMFZV260lbqYop1d2GM67JI1huLRwxo9ZqnfF/lC6A=="
      },
      "SharpZipLib": {
        "type": "CentralTransitive",
        "requested": "[1.4.2, )",
        "resolved": "1.4.2",
        "contentHash": "yjj+3zgz8zgXpiiC3ZdF/iyTBbz2fFvMxZFEBPUcwZjIvXOf37Ylm+K58hqMfIBt5JgU/Z2uoUS67JmTLe973A=="
      },
      "System.Configuration.ConfigurationManager": {
        "type": "CentralTransitive",
        "requested": "[10.0.12, )",
        "resolved": "10.0.12",
        "contentHash": "6KP/CGB9YymJuhNorm5FS/urQJB40h6t4DIiXN8J1VT/jINZHNgjzcdWRHGYuXGLwO7SCOq5K/OMAnh6oRbeLg==",
        "dependencies": {
          "System.Diagnostics.EventLog": "10.0.12",
          "System.Security.Cryptography.ProtectedData": "10.0.12"
        }
      },
      "System.Drawing.Common": {
        "type": "CentralTransitive",
        "requested": "[10.0.12, )",
        "resolved": "10.0.12",
        "contentHash": "FBUxiucg2gsnyItbpGgyXI5u8FYLcqdLKS1XJkHHTj3RK1c6kpsJr/Y9i4edUNF7LqCYFrHqpHEvpt8/lNBe9w==",
        "dependencies": {
          "Microsoft.Win32.SystemEvents": "10.0.12"
        }
      },
      "System.Management": {
        "type": "CentralTransitive",
        "requested": "[10.0.12, )",
        "resolved": "10.0.12",
        "contentHash": "ApUsYmsNG8aPiMxsO6ROGZnqJwSZY8zeMlAQcuQg+ilPFUcIyBUC0BL8qA6wmPLNVsvL4nyhUrhhxh6qn0cx0Q==",
        "dependencies": {
          "System.CodeDom": "10.0.12"
        }
      },
      "System.Security.Cryptography.ProtectedData": {
        "type": "CentralTransitive",
        "requested": "[10.0.12, )",
        "resolved": "10.0.12",
        "contentHash": "wO0W8VDMeRJZakRySOmemAnrBZMwEFRlbfBtATxUiLf2I3IhSRnCp1Vt157NWptdE4IJ7eftd5n8q9LtaKHFTQ=="
      },
      "Tmds.DBus.Protocol": {
        "type": "CentralTransitive",
        "requested": "[0.21.3, )",
        "resolved": "0.21.3",
        "contentHash": "hDwB8WsQoyALQKqIbwzS68UKdlnafDm4T/DkO/JrA/YIneP/rKv96SxYPVXeh3FP4i/SXfShrYftKLtciJAIlw=="
      }
    }
  }
}